
Microsoft Visual Studio Solution File, Format Version 12.00
# Visual Studio Version 16
VisualStudioVersion = 16.0.30406.217
MinimumVisualStudioVersion = 10.0.40219.1
Project("{FAE04EC0-301F-11D3-BF4B-00C04F79EFBC}") = "SignalR_Streaming_Trial21", "SignalR_Streaming_Trial21\SignalR_Streaming_Trial21.csproj", "{9767F0D2-BCEE-45AA-89A6-A34F806ED393}"
EndProject
Global
	GlobalSection(SolutionConfigurationPlatforms) = preSolution
		Debug|Any CPU = Debug|Any CPU
		Release|Any CPU = Release|Any CPU
	EndGlobalSection
	GlobalSection(ProjectConfigurationPlatforms) = postSolution
		{9767F0D2-BCEE-45AA-89A6-A34F806ED393}.Debug|Any CPU.ActiveCfg = Debug|Any CPU
		{9767F0D2-BCEE-45AA-89A6-A34F806ED393}.Debug|Any CPU.Build.0 = Debug|Any CPU
		{9767F0D2-BCEE-45AA-89A6-A34F806ED393}.Release|Any CPU.ActiveCfg = Release|Any CPU
		{9767F0D2-BCEE-45AA-89A6-A34F806ED393}.Release|Any CPU.Build.0 = Release|Any CPU
	EndGlobalSection
	GlobalSection(SolutionProperties) = preSolution
		HideSolutionNode = FALSE
	EndGlobalSection
	GlobalSection(ExtensibilityGlobals) = postSolution
		SolutionGuid = {3B7E24B1-2922-4713-B5AE-AD0EF09E2FB9}
	EndGlobalSection
EndGlobal
